// !$*UTF8*$!
{
	archiveVersion = 1;
	classes = {
	};
	objectVersion = 46;
	objects = {

/* Begin PBXBuildFile section */
		BB18F2541D75CFC10011693B /* SSAnnotationView.m in Sources */ = {isa = PBXBuildFile; fileRef = BB18F2531D75CFC10011693B /* SSAnnotationView.m */; };
		BB5510301D706F8D00556516 /* main.m in Sources */ = {isa = PBXBuildFile; fileRef = BB55102F1D706F8D00556516 /* main.m */; };
		BB5510331D706F8D00556516 /* AppDelegate.m in Sources */ = {isa = PBXBuildFile; fileRef = BB5510321D706F8D00556516 /* AppDelegate.m */; };
		BB5510391D706F8D00556516 /* Main.storyboard in Resources */ = {isa = PBXBuildFile; fileRef = BB5510371D706F8D00556516 /* Main.storyboard */; };
		BB55103B1D706F8D00556516 /* Assets.xcassets in Resources */ = {isa = PBXBuildFile; fileRef = BB55103A1D706F8D00556516 /* Assets.xcassets */; };
		BB55103E1D706F8D00556516 /* LaunchScreen.storyboard in Resources */ = {isa = PBXBuildFile; fileRef = BB55103C1D706F8D00556516 /* LaunchScreen.storyboard */; };
		BB5510491D707D8500556516 /* SSMapViewController.m in Sources */ = {isa = PBXBuildFile; fileRef = BB5510471D707D8500556516 /* SSMapViewController.m */; };
		BB55104A1D707D8500556516 /* SSMapViewController.xib in Resources */ = {isa = PBXBuildFile; fileRef = BB5510481D707D8500556516 /* SSMapViewController.xib */; };
		BB55104C1D707FB700556516 /* MapKit.framework in Frameworks */ = {isa = PBXBuildFile; fileRef = BB55104B1D707FB700556516 /* MapKit.framework */; };
		BB552EDC1D70963400556516 /* GridTileOverlay.m in Sources */ = {isa = PBXBuildFile; fileRef = BB552EDB1D70963400556516 /* GridTileOverlay.m */; };
		BB552EDF1D7096F100556516 /* GridTileOverlayRenderer.m in Sources */ = {isa = PBXBuildFile; fileRef = BB552EDE1D7096F100556516 /* GridTileOverlayRenderer.m */; };
		BBCF878A1D7816D3003AD892 /* SSAnnotationsContainer.m in Sources */ = {isa = PBXBuildFile; fileRef = BBCF87891D7816D3003AD892 /* SSAnnotationsContainer.m */; };
		BBCF87911D781CE6003AD892 /* SSTrackNotesAnno.m in Sources */ = {isa = PBXBuildFile; fileRef = BBCF87901D781CE6003AD892 /* SSTrackNotesAnno.m */; };
		BBD0168A1D76CD9B006D1156 /* CoreLocation.framework in Frameworks */ = {isa = PBXBuildFile; fileRef = BBD016891D76CD9B006D1156 /* CoreLocation.framework */; };
		BBD0168E1D76F85E006D1156 /* nsw-bmnp-sft.json in Resources */ = {isa = PBXBuildFile; fileRef = BBD0168D1D76F85E006D1156 /* nsw-bmnp-sft.json */; };
		BBD016901D76F96F006D1156 /* ww_nsw-bmnp-sft_maps.zip in Resources */ = {isa = PBXBuildFile; fileRef = BBD0168F1D76F96F006D1156 /* ww_nsw-bmnp-sft_maps.zip */; };
		BBD016941D771B0A006D1156 /* SSAnnotationPoint.m in Sources */ = {isa = PBXBuildFile; fileRef = BBD016931D771B0A006D1156 /* SSAnnotationPoint.m */; };
		BBE3A4E51D7418B30026AD6B /* SSTileOverlay.m in Sources */ = {isa = PBXBuildFile; fileRef = BBE3A4E41D7418B30026AD6B /* SSTileOverlay.m */; };
		BBE3B5231D74493A0026AD6B /* SSTileOverlayRender.m in Sources */ = {isa = PBXBuildFile; fileRef = BBE3B5221D74493A0026AD6B /* SSTileOverlayRender.m */; };
		CE2C9011B1EAC8F1C7CB7EBF /* libPods-SSOfflineMapKit.a in Frameworks */ = {isa = PBXBuildFile; fileRef = C9B1B9834C7C493E9FA3BC7A /* libPods-SSOfflineMapKit.a */; };
/* End PBXBuildFile section */

/* Begin PBXFileReference section */
		A196CD2378D813A652599510 /* Pods-SSOfflineMapKit.debug.xcconfig */ = {isa = PBXFileReference; includeInIndex = 1; lastKnownFileType = text.xcconfig; name = "Pods-SSOfflineMapKit.debug.xcconfig"; path = "Pods/Target Support Files/Pods-SSOfflineMapKit/Pods-SSOfflineMapKit.debug.xcconfig"; sourceTree = "<group>"; };
		A3C98B9D1E199B909F35EE62 /* Pods-SSOfflineMapKit.release.xcconfig */ = {isa = PBXFileReference; includeInIndex = 1; lastKnownFileType = text.xcconfig; name = "Pods-SSOfflineMapKit.release.xcconfig"; path = "Pods/Target Support Files/Pods-SSOfflineMapKit/Pods-SSOfflineMapKit.release.xcconfig"; sourceTree = "<group>"; };
		BB18F2521D75CFC10011693B /* SSAnnotationView.h */ = {isa = PBXFileReference; fileEncoding = 4; lastKnownFileType = sourcecode.c.h; path = SSAnnotationView.h; sourceTree = "<group>"; };
		BB18F2531D75CFC10011693B /* SSAnnotationView.m */ = {isa = PBXFileReference; fileEncoding = 4; lastKnownFileType = sourcecode.c.objc; path = SSAnnotationView.m; sourceTree = "<group>"; };
		BB55102B1D706F8D00556516 /* SSOfflineMapKit.app */ = {isa = PBXFileReference; explicitFileType = wrapper.application; includeInIndex = 0; path = SSOfflineMapKit.app; sourceTree = BUILT_PRODUCTS_DIR; };
		BB55102F1D706F8D00556516 /* main.m */ = {isa = PBXFileReference; lastKnownFileType = sourcecode.c.objc; path = main.m; sourceTree = "<group>"; };
		BB5510311D706F8D00556516 /* AppDelegate.h */ = {isa = PBXFileReference; lastKnownFileType = sourcecode.c.h; path = AppDelegate.h; sourceTree = "<group>"; };
		BB5510321D706F8D00556516 /* AppDelegate.m */ = {isa = PBXFileReference; lastKnownFileType = sourcecode.c.objc; path = AppDelegate.m; sourceTree = "<group>"; };
		BB5510381D706F8D00556516 /* Base */ = {isa = PBXFileReference; lastKnownFileType = file.storyboard; name = Base; path = Base.lproj/Main.storyboard; sourceTree = "<group>"; };
		BB55103A1D706F8D00556516 /* Assets.xcassets */ = {isa = PBXFileReference; lastKnownFileType = folder.assetcatalog; path = Assets.xcassets; sourceTree = "<group>"; };
		BB55103D1D706F8D00556516 /* Base */ = {isa = PBXFileReference; lastKnownFileType = file.storyboard; name = Base; path = Base.lproj/LaunchScreen.storyboard; sourceTree = "<group>"; };
		BB55103F1D706F8D00556516 /* Info.plist */ = {isa = PBXFileReference; lastKnownFileType = text.plist.xml; path = Info.plist; sourceTree = "<group>"; };
		BB5510461D707D8500556516 /* SSMapViewController.h */ = {isa = PBXFileReference; fileEncoding = 4; lastKnownFileType = sourcecode.c.h; path = SSMapViewController.h; sourceTree = "<group>"; };
		BB5510471D707D8500556516 /* SSMapViewController.m */ = {isa = PBXFileReference; fileEncoding = 4; lastKnownFileType = sourcecode.c.objc; path = SSMapViewController.m; sourceTree = "<group>"; };
		BB5510481D707D8500556516 /* SSMapViewController.xib */ = {isa = PBXFileReference; fileEncoding = 4; lastKnownFileType = file.xib; path = SSMapViewController.xib; sourceTree = "<group>"; };
		BB55104B1D707FB700556516 /* MapKit.framework */ = {isa = PBXFileReference; lastKnownFileType = wrapper.framework; name = MapKit.framework; path = System/Library/Frameworks/MapKit.framework; sourceTree = SDKROOT; };
		BB552EDA1D70963400556516 /* GridTileOverlay.h */ = {isa = PBXFileReference; fileEncoding = 4; lastKnownFileType = sourcecode.c.h; name = GridTileOverlay.h; path = ../../../MapTileOverlayTutorial/CustomMap/GridTileOverlay.h; sourceTree = "<group>"; };
		BB552EDB1D70963400556516 /* GridTileOverlay.m */ = {isa = PBXFileReference; fileEncoding = 4; lastKnownFileType = sourcecode.c.objc; name = GridTileOverlay.m; path = ../../../MapTileOverlayTutorial/CustomMap/GridTileOverlay.m; sourceTree = "<group>"; };
		BB552EDD1D7096F100556516 /* GridTileOverlayRenderer.h */ = {isa = PBXFileReference; fileEncoding = 4; lastKnownFileType = sourcecode.c.h; name = GridTileOverlayRenderer.h; path = ../../../MapTileOverlayTutorial/CustomMap/GridTileOverlayRenderer.h; sourceTree = "<group>"; };
		BB552EDE1D7096F100556516 /* GridTileOverlayRenderer.m */ = {isa = PBXFileReference; fileEncoding = 4; lastKnownFileType = sourcecode.c.objc; name = GridTileOverlayRenderer.m; path = ../../../MapTileOverlayTutorial/CustomMap/GridTileOverlayRenderer.m; sourceTree = "<group>"; };
		BBCF87881D7816D3003AD892 /* SSAnnotationsContainer.h */ = {isa = PBXFileReference; fileEncoding = 4; lastKnownFileType = sourcecode.c.h; path = SSAnnotationsContainer.h; sourceTree = "<group>"; };
		BBCF87891D7816D3003AD892 /* SSAnnotationsContainer.m */ = {isa = PBXFileReference; fileEncoding = 4; lastKnownFileType = sourcecode.c.objc; path = SSAnnotationsContainer.m; sourceTree = "<group>"; };
		BBCF878F1D781CE6003AD892 /* SSTrackNotesAnno.h */ = {isa = PBXFileReference; fileEncoding = 4; lastKnownFileType = sourcecode.c.h; path = SSTrackNotesAnno.h; sourceTree = "<group>"; };
		BBCF87901D781CE6003AD892 /* SSTrackNotesAnno.m */ = {isa = PBXFileReference; fileEncoding = 4; lastKnownFileType = sourcecode.c.objc; path = SSTrackNotesAnno.m; sourceTree = "<group>"; };
		BBD016891D76CD9B006D1156 /* CoreLocation.framework */ = {isa = PBXFileReference; lastKnownFileType = wrapper.framework; name = CoreLocation.framework; path = System/Library/Frameworks/CoreLocation.framework; sourceTree = SDKROOT; };
		BBD0168D1D76F85E006D1156 /* nsw-bmnp-sft.json */ = {isa = PBXFileReference; fileEncoding = 4; lastKnownFileType = text.json; path = "nsw-bmnp-sft.json"; sourceTree = "<group>"; };
		BBD0168F1D76F96F006D1156 /* ww_nsw-bmnp-sft_maps.zip */ = {isa = PBXFileReference; lastKnownFileType = archive.zip; path = "ww_nsw-bmnp-sft_maps.zip"; sourceTree = "<group>"; };
		BBD016921D771B0A006D1156 /* SSAnnotationPoint.h */ = {isa = PBXFileReference; fileEncoding = 4; lastKnownFileType = sourcecode.c.h; path = SSAnnotationPoint.h; sourceTree = "<group>"; };
		BBD016931D771B0A006D1156 /* SSAnnotationPoint.m */ = {isa = PBXFileReference; fileEncoding = 4; lastKnownFileType = sourcecode.c.objc; path = SSAnnotationPoint.m; sourceTree = "<group>"; };
		BBE3A4E31D7418B30026AD6B /* SSTileOverlay.h */ = {isa = PBXFileReference; fileEncoding = 4; lastKnownFileType = sourcecode.c.h; path = SSTileOverlay.h; sourceTree = "<group>"; };
		BBE3A4E41D7418B30026AD6B /* SSTileOverlay.m */ = {isa = PBXFileReference; fileEncoding = 4; lastKnownFileType = sourcecode.c.objc; path = SSTileOverlay.m; sourceTree = "<group>"; };
		BBE3B5211D74493A0026AD6B /* SSTileOverlayRender.h */ = {isa = PBXFileReference; fileEncoding = 4; lastKnownFileType = sourcecode.c.h; path = SSTileOverlayRender.h; sourceTree = "<group>"; };
		BBE3B5221D74493A0026AD6B /* SSTileOverlayRender.m */ = {isa = PBXFileReference; fileEncoding = 4; lastKnownFileType = sourcecode.c.objc; path = SSTileOverlayRender.m; sourceTree = "<group>"; };
		C9B1B9834C7C493E9FA3BC7A /* libPods-SSOfflineMapKit.a */ = {isa = PBXFileReference; explicitFileType = archive.ar; includeInIndex = 0; path = "libPods-SSOfflineMapKit.a"; sourceTree = BUILT_PRODUCTS_DIR; };
/* End PBXFileReference section */

/* Begin PBXFrameworksBuildPhase section */
		BB5510281D706F8D00556516 /* Frameworks */ = {
			isa = PBXFrameworksBuildPhase;
			buildActionMask = 2147483647;
			files = (
				BBD0168A1D76CD9B006D1156 /* CoreLocation.framework in Frameworks */,
				BB55104C1D707FB700556516 /* MapKit.framework in Frameworks */,
				CE2C9011B1EAC8F1C7CB7EBF /* libPods-SSOfflineMapKit.a in Frameworks */,
			);
			runOnlyForDeploymentPostprocessing = 0;
		};
/* End PBXFrameworksBuildPhase section */

/* Begin PBXGroup section */
		5D29277A2DBDCE7D19E9932D /* Pods */ = {
			isa = PBXGroup;
			children = (
				A196CD2378D813A652599510 /* Pods-SSOfflineMapKit.debug.xcconfig */,
				A3C98B9D1E199B909F35EE62 /* Pods-SSOfflineMapKit.release.xcconfig */,
			);
			name = Pods;
			sourceTree = "<group>";
		};
		BB18F2511D75CFA70011693B /* SSAnnotationView */ = {
			isa = PBXGroup;
			children = (
				BB18F2521D75CFC10011693B /* SSAnnotationView.h */,
				BB18F2531D75CFC10011693B /* SSAnnotationView.m */,
			);
			name = SSAnnotationView;
			sourceTree = "<group>";
		};
		BB5510221D706F8D00556516 = {
			isa = PBXGroup;
			children = (
				BBD0168D1D76F85E006D1156 /* nsw-bmnp-sft.json */,
				BBD0168F1D76F96F006D1156 /* ww_nsw-bmnp-sft_maps.zip */,
				BB55102D1D706F8D00556516 /* SSOfflineMapKit */,
				BB55102C1D706F8D00556516 /* Products */,
				5D29277A2DBDCE7D19E9932D /* Pods */,
				E7B4F25FE1C9FAA5A93FD54B /* Frameworks */,
			);
			sourceTree = "<group>";
		};
		BB55102C1D706F8D00556516 /* Products */ = {
			isa = PBXGroup;
			children = (
				BB55102B1D706F8D00556516 /* SSOfflineMapKit.app */,
			);
			name = Products;
			sourceTree = "<group>";
		};
		BB55102D1D706F8D00556516 /* SSOfflineMapKit */ = {
			isa = PBXGroup;
			children = (
				BBCF87861D78107D003AD892 /* SSAnnotations */,
				BB18F2511D75CFA70011693B /* SSAnnotationView */,
				BBE3B5201D74491C0026AD6B /* SSTileOverlayRender */,
				BBE3A4E61D7418B80026AD6B /* SSTileOverlay */,
				BB5510451D707D3900556516 /* SSMapVC */,
				BB5510311D706F8D00556516 /* AppDelegate.h */,
				BB5510321D706F8D00556516 /* AppDelegate.m */,
				BB552EDA1D70963400556516 /* GridTileOverlay.h */,
				BB552EDB1D70963400556516 /* GridTileOverlay.m */,
				BB552EDD1D7096F100556516 /* GridTileOverlayRenderer.h */,
				BB552EDE1D7096F100556516 /* GridTileOverlayRenderer.m */,
				BB5510371D706F8D00556516 /* Main.storyboard */,
				BB55103A1D706F8D00556516 /* Assets.xcassets */,
				BB55103C1D706F8D00556516 /* LaunchScreen.storyboard */,
				BB55103F1D706F8D00556516 /* Info.plist */,
				BB55102E1D706F8D00556516 /* Supporting Files */,
			);
			path = SSOfflineMapKit;
			sourceTree = "<group>";
		};
		BB55102E1D706F8D00556516 /* Supporting Files */ = {
			isa = PBXGroup;
			children = (
				BB55104B1D707FB700556516 /* MapKit.framework */,
				BB55102F1D706F8D00556516 /* main.m */,
			);
			name = "Supporting Files";
			sourceTree = "<group>";
		};
		BB5510451D707D3900556516 /* SSMapVC */ = {
			isa = PBXGroup;
			children = (
				BB5510461D707D8500556516 /* SSMapViewController.h */,
				BB5510471D707D8500556516 /* SSMapViewController.m */,
				BB5510481D707D8500556516 /* SSMapViewController.xib */,
			);
			name = SSMapVC;
			sourceTree = "<group>";
		};
		BBCF87861D78107D003AD892 /* SSAnnotations */ = {
			isa = PBXGroup;
			children = (
				BBCF878B1D781B35003AD892 /* SSTRackNotesAnno */,
				BBCF87871D781090003AD892 /* SSAnnotationParser */,
				BBD016911D771AA7006D1156 /* SSAnnotationPoint */,
			);
			name = SSAnnotations;
			sourceTree = "<group>";
		};
		BBCF87871D781090003AD892 /* SSAnnotationParser */ = {
			isa = PBXGroup;
			children = (
				BBCF87881D7816D3003AD892 /* SSAnnotationsContainer.h */,
				BBCF87891D7816D3003AD892 /* SSAnnotationsContainer.m */,
			);
			name = SSAnnotationParser;
			sourceTree = "<group>";
		};
		BBCF878B1D781B35003AD892 /* SSTRackNotesAnno */ = {
			isa = PBXGroup;
			children = (
				BBCF878F1D781CE6003AD892 /* SSTrackNotesAnno.h */,
				BBCF87901D781CE6003AD892 /* SSTrackNotesAnno.m */,
			);
			name = SSTRackNotesAnno;
			sourceTree = "<group>";
		};
		BBD016911D771AA7006D1156 /* SSAnnotationPoint */ = {
			isa = PBXGroup;
			children = (
				BBD016921D771B0A006D1156 /* SSAnnotationPoint.h */,
				BBD016931D771B0A006D1156 /* SSAnnotationPoint.m */,
			);
			name = SSAnnotationPoint;
			sourceTree = "<group>";
		};
		BBE3A4E61D7418B80026AD6B /* SSTileOverlay */ = {
			isa = PBXGroup;
			children = (
				BBE3A4E31D7418B30026AD6B /* SSTileOverlay.h */,
				BBE3A4E41D7418B30026AD6B /* SSTileOverlay.m */,
			);
			name = SSTileOverlay;
			sourceTree = "<group>";
		};
		BBE3B5201D74491C0026AD6B /* SSTileOverlayRender */ = {
			isa = PBXGroup;
			children = (
				BBE3B5211D74493A0026AD6B /* SSTileOverlayRender.h */,
				BBE3B5221D74493A0026AD6B /* SSTileOverlayRender.m */,
			);
			name = SSTileOverlayRender;
			sourceTree = "<group>";
		};
		E7B4F25FE1C9FAA5A93FD54B /* Frameworks */ = {
			isa = PBXGroup;
			children = (
				BBD016891D76CD9B006D1156 /* CoreLocation.framework */,
				C9B1B9834C7C493E9FA3BC7A /* libPods-SSOfflineMapKit.a */,
			);
			name = Frameworks;
			sourceTree = "<group>";
		};
/* End PBXGroup section */

/* Begin PBXNativeTarget section */
		BB55102A1D706F8D00556516 /* SSOfflineMapKit */ = {
			isa = PBXNativeTarget;
			buildConfigurationList = BB5510421D706F8D00556516 /* Build configuration list for PBXNativeTarget "SSOfflineMapKit" */;
			buildPhases = (
				99F6CD17D3BFF440CF56AA82 /* Check Pods Manifest.lock */,
				BB5510271D706F8D00556516 /* Sources */,
				BB5510281D706F8D00556516 /* Frameworks */,
				BB5510291D706F8D00556516 /* Resources */,
				7E5E7DC9310438CADF0E3D1B /* Embed Pods Frameworks */,
				F2E7FE1C231822493F7E168A /* Copy Pods Resources */,
			);
			buildRules = (
			);
			dependencies = (
			);
			name = SSOfflineMapKit;
			productName = SSOfflineMapKit;
			productReference = BB55102B1D706F8D00556516 /* SSOfflineMapKit.app */;
			productType = "com.apple.product-type.application";
		};
/* End PBXNativeTarget section */

/* Begin PBXProject section */
		BB5510231D706F8D00556516 /* Project object */ = {
			isa = PBXProject;
			attributes = {
				LastUpgradeCheck = 0730;
				ORGANIZATIONNAME = "Sergiy Shevchuk";
				TargetAttributes = {
					BB55102A1D706F8D00556516 = {
						CreatedOnToolsVersion = 7.3;
						SystemCapabilities = {
							com.apple.BackgroundModes = {
								enabled = 1;
							};
						};
					};
				};
			};
			buildConfigurationList = BB5510261D706F8D00556516 /* Build configuration list for PBXProject "SSOfflineMapKit" */;
			compatibilityVersion = "Xcode 3.2";
			developmentRegion = English;
			hasScannedForEncodings = 0;
			knownRegions = (
				en,
				Base,
			);
			mainGroup = BB5510221D706F8D00556516;
			productRefGroup = BB55102C1D706F8D00556516 /* Products */;
			projectDirPath = "";
			projectRoot = "";
			targets = (
				BB55102A1D706F8D00556516 /* SSOfflineMapKit */,
			);
		};
/* End PBXProject section */

/* Begin PBXResourcesBuildPhase section */
		BB5510291D706F8D00556516 /* Resources */ = {
			isa = PBXResourcesBuildPhase;
			buildActionMask = 2147483647;
			files = (
				BB55103E1D706F8D00556516 /* LaunchScreen.storyboard in Resources */,
				BB55103B1D706F8D00556516 /* Assets.xcassets in Resources */,
				BBD016901D76F96F006D1156 /* ww_nsw-bmnp-sft_maps.zip in Resources */,
				BB5510391D706F8D00556516 /* Main.storyboard in Resources */,
				BBD0168E1D76F85E006D1156 /* nsw-bmnp-sft.json in Resources */,
				BB55104A1D707D8500556516 /* SSMapViewController.xib in Resources */,
			);
			runOnlyForDeploymentPostprocessing = 0;
		};
/* End PBXResourcesBuildPhase section */

/* Begin PBXShellScriptBuildPhase section */
		7E5E7DC9310438CADF0E3D1B /* Embed Pods Frameworks */ = {
			isa = PBXShellScriptBuildPhase;
			buildActionMask = 2147483647;
			files = (
			);
			inputPaths = (
			);
			name = "Embed Pods Frameworks";
			outputPaths = (
			);
			runOnlyForDeploymentPostprocessing = 0;
			shellPath = /bin/sh;
			shellScript = "\"${SRCROOT}/Pods/Target Support Files/Pods-SSOfflineMapKit/Pods-SSOfflineMapKit-frameworks.sh\"\n";
			showEnvVarsInLog = 0;
		};
		99F6CD17D3BFF440CF56AA82 /* Check Pods Manifest.lock */ = {
			isa = PBXShellScriptBuildPhase;
			buildActionMask = 2147483647;
			files = (
			);
			inputPaths = (
			);
			name = "Check Pods Manifest.lock";
			outputPaths = (
			);
			runOnlyForDeploymentPostprocessing = 0;
			shellPath = /bin/sh;
			shellScript = "diff \"${PODS_ROOT}/../Podfile.lock\" \"${PODS_ROOT}/Manifest.lock\" > /dev/null\nif [[ $? != 0 ]] ; then\n    cat << EOM\nerror: The sandbox is not in sync with the Podfile.lock. Run 'pod install' or update your CocoaPods installation.\nEOM\n    exit 1\nfi\n";
			showEnvVarsInLog = 0;
		};
		F2E7FE1C231822493F7E168A /* Copy Pods Resources */ = {
			isa = PBXShellScriptBuildPhase;
			buildActionMask = 2147483647;
			files = (
			);
			inputPaths = (
			);
			name = "Copy Pods Resources";
			outputPaths = (
			);
			runOnlyForDeploymentPostprocessing = 0;
			shellPath = /bin/sh;
			shellScript = "\"${SRCROOT}/Pods/Target Support Files/Pods-SSOfflineMapKit/Pods-SSOfflineMapKit-resources.sh\"\n";
			showEnvVarsInLog = 0;
		};
/* End PBXShellScriptBuildPhase section */

/* Begin PBXSourcesBuildPhase section */
		BB5510271D706F8D00556516 /* Sources */ = {
			isa = PBXSourcesBuildPhase;
			buildActionMask = 2147483647;
			files = (
				BBE3A4E51D7418B30026AD6B /* SSTileOverlay.m in Sources */,
				BB18F2541D75CFC10011693B /* SSAnnotationView.m in Sources */,
				BBCF878A1D7816D3003AD892 /* SSAnnotationsContainer.m in Sources */,
				BB552EDC1D70963400556516 /* GridTileOverlay.m in Sources */,
				BBE3B5231D74493A0026AD6B /* SSTileOverlayRender.m in Sources */,
				BB552EDF1D7096F100556516 /* GridTileOverlayRenderer.m in Sources */,
				BBD016941D771B0A006D1156 /* SSAnnotationPoint.m in Sources */,
				BB5510331D706F8D00556516 /* AppDelegate.m in Sources */,
				BBCF87911D781CE6003AD892 /* SSTrackNotesAnno.m in Sources */,
				BB5510301D706F8D00556516 /* main.m in Sources */,
				BB5510491D707D8500556516 /* SSMapViewController.m in Sources */,
			);
			runOnlyForDeploymentPostprocessing = 0;
		};
/* End PBXSourcesBuildPhase section */

/* Begin PBXVariantGroup section */
		BB5510371D706F8D00556516 /* Main.storyboard */ = {
			isa = PBXVariantGroup;
			children = (
				BB5510381D706F8D00556516 /* Base */,
			);
			name = Main.storyboard;
			sourceTree = "<group>";
		};
		BB55103C1D706F8D00556516 /* LaunchScreen.storyboard */ = {
			isa = PBXVariantGroup;
			children = (
				BB55103D1D706F8D00556516 /* Base */,
			);
			name = LaunchScreen.storyboard;
			sourceTree = "<group>";
		};
/* End PBXVariantGroup section */

/* Begin XCBuildConfiguration section */
		BB5510401D706F8D00556516 /* Debug */ = {
			isa = XCBuildConfiguration;
			buildSettings = {
				ALWAYS_SEARCH_USER_PATHS = NO;
				CLANG_ANALYZER_NONNULL = YES;
				CLANG_CXX_LANGUAGE_STANDARD = "gnu++0x";
				CLANG_CXX_LIBRARY = "libc++";
				CLANG_ENABLE_MODULES = YES;
				CLANG_ENABLE_OBJC_ARC = YES;
				CLANG_WARN_BOOL_CONVERSION = YES;
				CLANG_WARN_CONSTANT_CONVERSION = YES;
				CLANG_WARN_DIRECT_OBJC_ISA_USAGE = YES_ERROR;
				CLANG_WARN_EMPTY_BODY = YES;
				CLANG_WARN_ENUM_CONVERSION = YES;
				CLANG_WARN_INT_CONVERSION = YES;
				CLANG_WARN_OBJC_ROOT_CLASS = YES_ERROR;
				CLANG_WARN_UNREACHABLE_CODE = YES;
				CLANG_WARN__DUPLICATE_METHOD_MATCH = YES;
				"CODE_SIGN_IDENTITY[sdk=iphoneos*]" = "iPhone Developer";
				COPY_PHASE_STRIP = NO;
				DEBUG_INFORMATION_FORMAT = dwarf;
				ENABLE_STRICT_OBJC_MSGSEND = YES;
				ENABLE_TESTABILITY = YES;
				GCC_C_LANGUAGE_STANDARD = gnu99;
				GCC_DYNAMIC_NO_PIC = NO;
				GCC_NO_COMMON_BLOCKS = YES;
				GCC_OPTIMIZATION_LEVEL = 0;
				GCC_PREPROCESSOR_DEFINITIONS = (
					"DEBUG=1",
					"$(inherited)",
				);
				GCC_WARN_64_TO_32_BIT_CONVERSION = YES;
				GCC_WARN_ABOUT_RETURN_TYPE = YES_ERROR;
				GCC_WARN_UNDECLARED_SELECTOR = YES;
				GCC_WARN_UNINITIALIZED_AUTOS = YES_AGGRESSIVE;
				GCC_WARN_UNUSED_FUNCTION = YES;
				GCC_WARN_UNUSED_VARIABLE = YES;
				IPHONEOS_DEPLOYMENT_TARGET = 9.3;
				MTL_ENABLE_DEBUG_INFO = YES;
				ONLY_ACTIVE_ARCH = YES;
				SDKROOT = iphoneos;
				TARGETED_DEVICE_FAMILY = "1,2";
			};
			name = Debug;
		};
		BB5510411D706F8D00556516 /* Release */ = {
			isa = XCBuildConfiguration;
			buildSettings = {
				ALWAYS_SEARCH_USER_PATHS = NO;
				CLANG_ANALYZER_NONNULL = YES;
				CLANG_CXX_LANGUAGE_STANDARD = "gnu++0x";
				CLANG_CXX_LIBRARY = "libc++";
				CLANG_ENABLE_MODULES = YES;
				CLANG_ENABLE_OBJC_ARC = YES;
				CLANG_WARN_BOOL_CONVERSION = YES;
				CLANG_WARN_CONSTANT_CONVERSION = YES;
				CLANG_WARN_DIRECT_OBJC_ISA_USAGE = YES_ERROR;
				CLANG_WARN_EMPTY_BODY = YES;
				CLANG_WARN_ENUM_CONVERSION = YES;
				CLANG_WARN_INT_CONVERSION = YES;
				CLANG_WARN_OBJC_ROOT_CLASS = YES_ERROR;
				CLANG_WARN_UNREACHABLE_CODE = YES;
				CLANG_WARN__DUPLICATE_METHOD_MATCH = YES;
				"CODE_SIGN_IDENTITY[sdk=iphoneos*]" = "iPhone Developer";
				COPY_PHASE_STRIP = NO;
				DEBUG_INFORMATION_FORMAT = "dwarf-with-dsym";
				ENABLE_NS_ASSERTIONS = NO;
				ENABLE_STRICT_OBJC_MSGSEND = YES;
				GCC_C_LANGUAGE_STANDARD = gnu99;
				GCC_NO_COMMON_BLOCKS = YES;
				GCC_WARN_64_TO_32_BIT_CONVERSION = YES;
				GCC_WARN_ABOUT_RETURN_TYPE = YES_ERROR;
				GCC_WARN_UNDECLARED_SELECTOR = YES;
				GCC_WARN_UNINITIALIZED_AUTOS = YES_AGGRESSIVE;
				GCC_WARN_UNUSED_FUNCTION = YES;
				GCC_WARN_UNUSED_VARIABLE = YES;
				IPHONEOS_DEPLOYMENT_TARGET = 9.3;
				MTL_ENABLE_DEBUG_INFO = NO;
				SDKROOT = iphoneos;
				TARGETED_DEVICE_FAMILY = "1,2";
				VALIDATE_PRODUCT = YES;
			};
			name = Release;
		};
		BB5510431D706F8D00556516 /* Debug */ = {
			isa = XCBuildConfiguration;
			baseConfigurationReference = A196CD2378D813A652599510 /* Pods-SSOfflineMapKit.debug.xcconfig */;
			buildSettings = {
				ASSETCATALOG_COMPILER_APPICON_NAME = AppIcon;
				INFOPLIST_FILE = SSOfflineMapKit/Info.plist;
				LD_RUNPATH_SEARCH_PATHS = "$(inherited) @executable_path/Frameworks";
				PRODUCT_BUNDLE_IDENTIFIER = Anadea.SSOfflineMapKit;
				PRODUCT_NAME = "$(TARGET_NAME)";
			};
			name = Debug;
		};
		BB5510441D706F8D00556516 /* Release */ = {
			isa = XCBuildConfiguration;
			baseConfigurationReference = A3C98B9D1E199B909F35EE62 /* Pods-SSOfflineMapKit.release.xcconfig */;
			buildSettings = {
				ASSETCATALOG_COMPILER_APPICON_NAME = AppIcon;
				INFOPLIST_FILE = SSOfflineMapKit/Info.plist;
				LD_RUNPATH_SEARCH_PATHS = "$(inherited) @executable_path/Frameworks";
				PRODUCT_BUNDLE_IDENTIFIER = Anadea.SSOfflineMapKit;
				PRODUCT_NAME = "$(TARGET_NAME)";
			};
			name = Release;
		};
/* End XCBuildConfiguration section */

/* Begin XCConfigurationList section */
		BB5510261D706F8D00556516 /* Build configuration list for PBXProject "SSOfflineMapKit" */ = {
			isa = XCConfigurationList;
			buildConfigurations = (
				BB5510401D706F8D00556516 /* Debug */,
				BB5510411D706F8D00556516 /* Release */,
			);
			defaultConfigurationIsVisible = 0;
			defaultConfigurationName = Release;
		};
		BB5510421D706F8D00556516 /* Build configuration list for PBXNativeTarget "SSOfflineMapKit" */ = {
			isa = XCConfigurationList;
			buildConfigurations = (
				BB5510431D706F8D00556516 /* Debug */,
				BB5510441D706F8D00556516 /* Release */,
			);
			defaultConfigurationIsVisible = 0;
			defaultConfigurationName = Release;
		};
/* End XCConfigurationList section */
	};
	rootObject = BB5510231D706F8D00556516 /* Project object */;
}
